{
  "requires": true,
  "lockfileVersion": 1,
  "dependencies": {
    "vue": {
      "version": "2.5.15",
      "resolved": "https://registry.npmjs.org/vue/-/vue-2.5.15.tgz",
      "integrity": "sha512-uUcDI147VCQYA/9AqoEECddWdTQgrhnwAd6KDsl0pF1hiLpxqaYqIgArhnegU+QZ18DQrKvZNcR3x2QM1iaroQ=="
    }
  }
}
